{
  "version": 2,
  "dependencies": {
    "net10.0": {
      "limbodancer.abstractions": {
        "type": "Project"
      },
      "limbodancer.dice": {
        "type": "Project"
      },
      "limbodancer.domains.asl.maps": {
        "type": "Project"
      },
      "limbodancer.domains.asl.scenarioa1": {
        "type": "Project",
        "dependencies": {
          "LimboDancer.Abstractions": "[1.0.0, )"
        }
      },
      "limbodancer.domains.asl.units": {
        "type": "Project",
        "dependencies": {
          "LimboDancer.Domains.Asl.Maps": "[1.0.0, )"
        }
      },
      "limbodancer.runtime": {
        "type": "Project",
        "dependencies": {
          "LimboDancer.Abstractions": "[1.0.0, )"
        }
      }
    }
  }
}