
Microsoft Visual Studio Solution File, Format Version 12.00
# Visual Studio Version 17
VisualStudioVersion = 17.0.31903.59
MinimumVisualStudioVersion = 10.0.40219.1
Project("{FAE04EC0-301F-11D3-BF4B-00C04F79EFBC}") = "AslHexMap", "AslHexMap\AslHexMap.csproj", "{C5D0297B-D7A6-8849-6A22-3EE44100676B}"
EndProject
Project("{FAE04EC0-301F-11D3-BF4B-00C04F79EFBC}") = "AslHexMap.Core", "AslHexMap.Core\AslHexMap.Core.csproj", "{7BEB4986-907C-673D-47AC-08F01A21E300}"
EndProject
Global
	GlobalSection(SolutionConfigurationPlatforms) = preSolution
		Debug|Any CPU = Debug|Any CPU
		Release|Any CPU = Release|Any CPU
	EndGlobalSection
	GlobalSection(ProjectConfigurationPlatforms) = postSolution
		{C5D0297B-D7A6-8849-6A22-3EE44100676B}.Debug|Any CPU.ActiveCfg = Debug|Any CPU
		{C5D0297B-D7A6-8849-6A22-3EE44100676B}.Debug|Any CPU.Build.0 = Debug|Any CPU
		{C5D0297B-D7A6-8849-6A22-3EE44100676B}.Release|Any CPU.ActiveCfg = Release|Any CPU
		{C5D0297B-D7A6-8849-6A22-3EE44100676B}.Release|Any CPU.Build.0 = Release|Any CPU
		{7BEB4986-907C-673D-47AC-08F01A21E300}.Debug|Any CPU.ActiveCfg = Debug|Any CPU
		{7BEB4986-907C-673D-47AC-08F01A21E300}.Debug|Any CPU.Build.0 = Debug|Any CPU
		{7BEB4986-907C-673D-47AC-08F01A21E300}.Release|Any CPU.ActiveCfg = Release|Any CPU
		{7BEB4986-907C-673D-47AC-08F01A21E300}.Release|Any CPU.Build.0 = Release|Any CPU
	EndGlobalSection
	GlobalSection(SolutionProperties) = preSolution
		HideSolutionNode = FALSE
	EndGlobalSection
	GlobalSection(ExtensibilityGlobals) = postSolution
		SolutionGuid = {D48E729F-4166-4A93-8D27-1C0377C407B1}
	EndGlobalSection
EndGlobal
