
Microsoft Visual Studio Solution File, Format Version 12.00
# Visual Studio Version 17
VisualStudioVersion = 17.0.31903.59
MinimumVisualStudioVersion = 10.0.40219.1
Project("{2150E333-8FDC-42A3-9474-1A3956D46DE8}") = "Legacy", "Legacy", "{827E0CD3-B72D-47B6-A68D-7590B98EB39B}"
EndProject
Project("{FAE04EC0-301F-11D3-BF4B-00C04F79EFBC}") = "LimboDancer.MCP.Core", "LimboDancer.MCP.Core\LimboDancer.MCP.Core.csproj", "{F0AB293A-A8A6-4225-A4D4-BD93ECA4D6AE}"
EndProject
Project("{FAE04EC0-301F-11D3-BF4B-00C04F79EFBC}") = "LimboDancer.MCP.Ontology", "LimboDancer.MCP.Ontology\LimboDancer.MCP.Ontology.csproj", "{32E641B0-11CF-48D2-B96E-159B43AFAB4C}"
EndProject
Project("{FAE04EC0-301F-11D3-BF4B-00C04F79EFBC}") = "LimboDancer.MCP.Vector.AzureSearch", "LimboDancer.MCP.Vector.AzureSearch\LimboDancer.MCP.Vector.AzureSearch.csproj", "{5C16EE1C-9634-4E4D-B418-DDFC5524182E}"
EndProject
Project("{FAE04EC0-301F-11D3-BF4B-00C04F79EFBC}") = "LimboDancer.MCP.Llm", "LimboDancer.MCP.Llm\LimboDancer.MCP.Llm.csproj", "{2365E8B1-A109-41B3-A0DD-BBB85EC3D51E}"
EndProject
Project("{FAE04EC0-301F-11D3-BF4B-00C04F79EFBC}") = "LimboDancer.MCP.McpServer", "LimboDancer.MCP.McpServer\LimboDancer.MCP.McpServer.csproj", "{C415CA63-5D46-47B0-96C7-AC47EE90557F}"
EndProject
Project("{FAE04EC0-301F-11D3-BF4B-00C04F79EFBC}") = "LimboDancer.MCP.McpServer.Http", "LimboDancer.MCP.McpServer.Http\LimboDancer.MCP.McpServer.Http.csproj", "{0DBA3CDB-9771-4F4C-930A-72BFE4A4D99D}"
EndProject
Project("{FAE04EC0-301F-11D3-BF4B-00C04F79EFBC}") = "LimboDancer.MCP.Cli", "LimboDancer.MCP.Cli\LimboDancer.MCP.Cli.csproj", "{4FFB8CCB-F164-4508-8178-742A3F6B292C}"
EndProject
Project("{FAE04EC0-301F-11D3-BF4B-00C04F79EFBC}") = "LimboDancer.MCP.BlazorConsole", "LimboDancer.MCP.BlazorConsole\LimboDancer.MCP.BlazorConsole.csproj", "{4912F7F4-5854-4285-8056-24B7F6085B1B}"
EndProject
Project("{FAE04EC0-301F-11D3-BF4B-00C04F79EFBC}") = "LimboDancer.MCP.Graph.CosmosGremlin", "LimboDancer.MCP.Graph.CosmosGremlin\LimboDancer.MCP.Graph.CosmosGremlin.csproj", "{82E42635-2501-92A4-9378-2AAFC1C84D4B}"
EndProject
Project("{FAE04EC0-301F-11D3-BF4B-00C04F79EFBC}") = "LimboDancer.MCP.Storage", "LimboDancer.MCP.Storage\LimboDancer.MCP.Storage.csproj", "{36DEC5CE-9CD4-C121-306F-7F13487BEACB}"
EndProject
Project("{FAE04EC0-301F-11D3-BF4B-00C04F79EFBC}") = "LimboDancer.MCP.Graph.CosmosGremlin.Tests", "tests\LimboDancer.MCP.Graph.CosmosGremlin.Tests\LimboDancer.MCP.Graph.CosmosGremlin.Tests.csproj", "{972A0276-EBB6-E1AB-217D-3BF55359BFF3}"
EndProject
Project("{2150E333-8FDC-42A3-9474-1A3956D46DE8}") = "Tests", "Tests", "{02EA681E-C7D8-13C7-8484-4AC65E1B71E8}"
EndProject
Project("{FAE04EC0-301F-11D3-BF4B-00C04F79EFBC}") = "LimboDancer.MCP.Tests.Unit", "tests\LimboDancer.MCP.Tests.Unit\LimboDancer.MCP.Tests.Unit.csproj", "{6CDA2E67-6DE2-D6F4-0216-894C9FE3C895}"
EndProject
Global
	GlobalSection(SolutionConfigurationPlatforms) = preSolution
		Debug|Any CPU = Debug|Any CPU
		Debug|x64 = Debug|x64
		Debug|x86 = Debug|x86
		Release|Any CPU = Release|Any CPU
		Release|x64 = Release|x64
		Release|x86 = Release|x86
	EndGlobalSection
	GlobalSection(ProjectConfigurationPlatforms) = postSolution
		{F0AB293A-A8A6-4225-A4D4-BD93ECA4D6AE}.Debug|Any CPU.ActiveCfg = Debug|Any CPU
		{F0AB293A-A8A6-4225-A4D4-BD93ECA4D6AE}.Debug|Any CPU.Build.0 = Debug|Any CPU
		{F0AB293A-A8A6-4225-A4D4-BD93ECA4D6AE}.Debug|x64.ActiveCfg = Debug|Any CPU
		{F0AB293A-A8A6-4225-A4D4-BD93ECA4D6AE}.Debug|x64.Build.0 = Debug|Any CPU
		{F0AB293A-A8A6-4225-A4D4-BD93ECA4D6AE}.Debug|x86.ActiveCfg = Debug|Any CPU
		{F0AB293A-A8A6-4225-A4D4-BD93ECA4D6AE}.Debug|x86.Build.0 = Debug|Any CPU
		{F0AB293A-A8A6-4225-A4D4-BD93ECA4D6AE}.Release|Any CPU.ActiveCfg = Release|Any CPU
		{F0AB293A-A8A6-4225-A4D4-BD93ECA4D6AE}.Release|Any CPU.Build.0 = Release|Any CPU
		{F0AB293A-A8A6-4225-A4D4-BD93ECA4D6AE}.Release|x64.ActiveCfg = Release|Any CPU
		{F0AB293A-A8A6-4225-A4D4-BD93ECA4D6AE}.Release|x64.Build.0 = Release|Any CPU
		{F0AB293A-A8A6-4225-A4D4-BD93ECA4D6AE}.Release|x86.ActiveCfg = Release|Any CPU
		{F0AB293A-A8A6-4225-A4D4-BD93ECA4D6AE}.Release|x86.Build.0 = Release|Any CPU
		{32E641B0-11CF-48D2-B96E-159B43AFAB4C}.Debug|Any CPU.ActiveCfg = Debug|Any CPU
		{32E641B0-11CF-48D2-B96E-159B43AFAB4C}.Debug|Any CPU.Build.0 = Debug|Any CPU
		{32E641B0-11CF-48D2-B96E-159B43AFAB4C}.Debug|x64.ActiveCfg = Debug|Any CPU
		{32E641B0-11CF-48D2-B96E-159B43AFAB4C}.Debug|x64.Build.0 = Debug|Any CPU
		{32E641B0-11CF-48D2-B96E-159B43AFAB4C}.Debug|x86.ActiveCfg = Debug|Any CPU
		{32E641B0-11CF-48D2-B96E-159B43AFAB4C}.Debug|x86.Build.0 = Debug|Any CPU
		{32E641B0-11CF-48D2-B96E-159B43AFAB4C}.Release|Any CPU.ActiveCfg = Release|Any CPU
		{32E641B0-11CF-48D2-B96E-159B43AFAB4C}.Release|Any CPU.Build.0 = Release|Any CPU
		{32E641B0-11CF-48D2-B96E-159B43AFAB4C}.Release|x64.ActiveCfg = Release|Any CPU
		{32E641B0-11CF-48D2-B96E-159B43AFAB4C}.Release|x64.Build.0 = Release|Any CPU
		{32E641B0-11CF-48D2-B96E-159B43AFAB4C}.Release|x86.ActiveCfg = Release|Any CPU
		{32E641B0-11CF-48D2-B96E-159B43AFAB4C}.Release|x86.Build.0 = Release|Any CPU
		{5C16EE1C-9634-4E4D-B418-DDFC5524182E}.Debug|Any CPU.ActiveCfg = Debug|Any CPU
		{5C16EE1C-9634-4E4D-B418-DDFC5524182E}.Debug|Any CPU.Build.0 = Debug|Any CPU
		{5C16EE1C-9634-4E4D-B418-DDFC5524182E}.Debug|x64.ActiveCfg = Debug|Any CPU
		{5C16EE1C-9634-4E4D-B418-DDFC5524182E}.Debug|x64.Build.0 = Debug|Any CPU
		{5C16EE1C-9634-4E4D-B418-DDFC5524182E}.Debug|x86.ActiveCfg = Debug|Any CPU
		{5C16EE1C-9634-4E4D-B418-DDFC5524182E}.Debug|x86.Build.0 = Debug|Any CPU
		{5C16EE1C-9634-4E4D-B418-DDFC5524182E}.Release|Any CPU.ActiveCfg = Release|Any CPU
		{5C16EE1C-9634-4E4D-B418-DDFC5524182E}.Release|Any CPU.Build.0 = Release|Any CPU
		{5C16EE1C-9634-4E4D-B418-DDFC5524182E}.Release|x64.ActiveCfg = Release|Any CPU
		{5C16EE1C-9634-4E4D-B418-DDFC5524182E}.Release|x64.Build.0 = Release|Any CPU
		{5C16EE1C-9634-4E4D-B418-DDFC5524182E}.Release|x86.ActiveCfg = Release|Any CPU
		{5C16EE1C-9634-4E4D-B418-DDFC5524182E}.Release|x86.Build.0 = Release|Any CPU
		{2365E8B1-A109-41B3-A0DD-BBB85EC3D51E}.Debug|Any CPU.ActiveCfg = Debug|Any CPU
		{2365E8B1-A109-41B3-A0DD-BBB85EC3D51E}.Debug|Any CPU.Build.0 = Debug|Any CPU
		{2365E8B1-A109-41B3-A0DD-BBB85EC3D51E}.Debug|x64.ActiveCfg = Debug|Any CPU
		{2365E8B1-A109-41B3-A0DD-BBB85EC3D51E}.Debug|x64.Build.0 = Debug|Any CPU
		{2365E8B1-A109-41B3-A0DD-BBB85EC3D51E}.Debug|x86.ActiveCfg = Debug|Any CPU
		{2365E8B1-A109-41B3-A0DD-BBB85EC3D51E}.Debug|x86.Build.0 = Debug|Any CPU
		{2365E8B1-A109-41B3-A0DD-BBB85EC3D51E}.Release|Any CPU.ActiveCfg = Release|Any CPU
		{2365E8B1-A109-41B3-A0DD-BBB85EC3D51E}.Release|Any CPU.Build.0 = Release|Any CPU
		{2365E8B1-A109-41B3-A0DD-BBB85EC3D51E}.Release|x64.ActiveCfg = Release|Any CPU
		{2365E8B1-A109-41B3-A0DD-BBB85EC3D51E}.Release|x64.Build.0 = Release|Any CPU
		{2365E8B1-A109-41B3-A0DD-BBB85EC3D51E}.Release|x86.ActiveCfg = Release|Any CPU
		{2365E8B1-A109-41B3-A0DD-BBB85EC3D51E}.Release|x86.Build.0 = Release|Any CPU
		{C415CA63-5D46-47B0-96C7-AC47EE90557F}.Debug|Any CPU.ActiveCfg = Debug|Any CPU
		{C415CA63-5D46-47B0-96C7-AC47EE90557F}.Debug|Any CPU.Build.0 = Debug|Any CPU
		{C415CA63-5D46-47B0-96C7-AC47EE90557F}.Debug|x64.ActiveCfg = Debug|Any CPU
		{C415CA63-5D46-47B0-96C7-AC47EE90557F}.Debug|x64.Build.0 = Debug|Any CPU
		{C415CA63-5D46-47B0-96C7-AC47EE90557F}.Debug|x86.ActiveCfg = Debug|Any CPU
		{C415CA63-5D46-47B0-96C7-AC47EE90557F}.Debug|x86.Build.0 = Debug|Any CPU
		{C415CA63-5D46-47B0-96C7-AC47EE90557F}.Release|Any CPU.ActiveCfg = Release|Any CPU
		{C415CA63-5D46-47B0-96C7-AC47EE90557F}.Release|Any CPU.Build.0 = Release|Any CPU
		{C415CA63-5D46-47B0-96C7-AC47EE90557F}.Release|x64.ActiveCfg = Release|Any CPU
		{C415CA63-5D46-47B0-96C7-AC47EE90557F}.Release|x64.Build.0 = Release|Any CPU
		{C415CA63-5D46-47B0-96C7-AC47EE90557F}.Release|x86.ActiveCfg = Release|Any CPU
		{C415CA63-5D46-47B0-96C7-AC47EE90557F}.Release|x86.Build.0 = Release|Any CPU
		{0DBA3CDB-9771-4F4C-930A-72BFE4A4D99D}.Debug|Any CPU.ActiveCfg = Debug|Any CPU
		{0DBA3CDB-9771-4F4C-930A-72BFE4A4D99D}.Debug|Any CPU.Build.0 = Debug|Any CPU
		{0DBA3CDB-9771-4F4C-930A-72BFE4A4D99D}.Debug|x64.ActiveCfg = Debug|Any CPU
		{0DBA3CDB-9771-4F4C-930A-72BFE4A4D99D}.Debug|x64.Build.0 = Debug|Any CPU
		{0DBA3CDB-9771-4F4C-930A-72BFE4A4D99D}.Debug|x86.ActiveCfg = Debug|Any CPU
		{0DBA3CDB-9771-4F4C-930A-72BFE4A4D99D}.Debug|x86.Build.0 = Debug|Any CPU
		{0DBA3CDB-9771-4F4C-930A-72BFE4A4D99D}.Release|Any CPU.ActiveCfg = Release|Any CPU
		{0DBA3CDB-9771-4F4C-930A-72BFE4A4D99D}.Release|Any CPU.Build.0 = Release|Any CPU
		{0DBA3CDB-9771-4F4C-930A-72BFE4A4D99D}.Release|x64.ActiveCfg = Release|Any CPU
		{0DBA3CDB-9771-4F4C-930A-72BFE4A4D99D}.Release|x64.Build.0 = Release|Any CPU
		{0DBA3CDB-9771-4F4C-930A-72BFE4A4D99D}.Release|x86.ActiveCfg = Release|Any CPU
		{0DBA3CDB-9771-4F4C-930A-72BFE4A4D99D}.Release|x86.Build.0 = Release|Any CPU
		{4FFB8CCB-F164-4508-8178-742A3F6B292C}.Debug|Any CPU.ActiveCfg = Debug|Any CPU
		{4FFB8CCB-F164-4508-8178-742A3F6B292C}.Debug|Any CPU.Build.0 = Debug|Any CPU
		{4FFB8CCB-F164-4508-8178-742A3F6B292C}.Debug|x64.ActiveCfg = Debug|Any CPU
		{4FFB8CCB-F164-4508-8178-742A3F6B292C}.Debug|x64.Build.0 = Debug|Any CPU
		{4FFB8CCB-F164-4508-8178-742A3F6B292C}.Debug|x86.ActiveCfg = Debug|Any CPU
		{4FFB8CCB-F164-4508-8178-742A3F6B292C}.Debug|x86.Build.0 = Debug|Any CPU
		{4FFB8CCB-F164-4508-8178-742A3F6B292C}.Release|Any CPU.ActiveCfg = Release|Any CPU
		{4FFB8CCB-F164-4508-8178-742A3F6B292C}.Release|Any CPU.Build.0 = Release|Any CPU
		{4FFB8CCB-F164-4508-8178-742A3F6B292C}.Release|x64.ActiveCfg = Release|Any CPU
		{4FFB8CCB-F164-4508-8178-742A3F6B292C}.Release|x64.Build.0 = Release|Any CPU
		{4FFB8CCB-F164-4508-8178-742A3F6B292C}.Release|x86.ActiveCfg = Release|Any CPU
		{4FFB8CCB-F164-4508-8178-742A3F6B292C}.Release|x86.Build.0 = Release|Any CPU
		{4912F7F4-5854-4285-8056-24B7F6085B1B}.Debug|Any CPU.ActiveCfg = Debug|Any CPU
		{4912F7F4-5854-4285-8056-24B7F6085B1B}.Debug|Any CPU.Build.0 = Debug|Any CPU
		{4912F7F4-5854-4285-8056-24B7F6085B1B}.Debug|x64.ActiveCfg = Debug|Any CPU
		{4912F7F4-5854-4285-8056-24B7F6085B1B}.Debug|x64.Build.0 = Debug|Any CPU
		{4912F7F4-5854-4285-8056-24B7F6085B1B}.Debug|x86.ActiveCfg = Debug|Any CPU
		{4912F7F4-5854-4285-8056-24B7F6085B1B}.Debug|x86.Build.0 = Debug|Any CPU
		{4912F7F4-5854-4285-8056-24B7F6085B1B}.Release|Any CPU.ActiveCfg = Release|Any CPU
		{4912F7F4-5854-4285-8056-24B7F6085B1B}.Release|Any CPU.Build.0 = Release|Any CPU
		{4912F7F4-5854-4285-8056-24B7F6085B1B}.Release|x64.ActiveCfg = Release|Any CPU
		{4912F7F4-5854-4285-8056-24B7F6085B1B}.Release|x64.Build.0 = Release|Any CPU
		{4912F7F4-5854-4285-8056-24B7F6085B1B}.Release|x86.ActiveCfg = Release|Any CPU
		{4912F7F4-5854-4285-8056-24B7F6085B1B}.Release|x86.Build.0 = Release|Any CPU
		{82E42635-2501-92A4-9378-2AAFC1C84D4B}.Debug|Any CPU.ActiveCfg = Debug|Any CPU
		{82E42635-2501-92A4-9378-2AAFC1C84D4B}.Debug|Any CPU.Build.0 = Debug|Any CPU
		{82E42635-2501-92A4-9378-2AAFC1C84D4B}.Debug|x64.ActiveCfg = Debug|Any CPU
		{82E42635-2501-92A4-9378-2AAFC1C84D4B}.Debug|x64.Build.0 = Debug|Any CPU
		{82E42635-2501-92A4-9378-2AAFC1C84D4B}.Debug|x86.ActiveCfg = Debug|Any CPU
		{82E42635-2501-92A4-9378-2AAFC1C84D4B}.Debug|x86.Build.0 = Debug|Any CPU
		{82E42635-2501-92A4-9378-2AAFC1C84D4B}.Release|Any CPU.ActiveCfg = Release|Any CPU
		{82E42635-2501-92A4-9378-2AAFC1C84D4B}.Release|Any CPU.Build.0 = Release|Any CPU
		{82E42635-2501-92A4-9378-2AAFC1C84D4B}.Release|x64.ActiveCfg = Release|Any CPU
		{82E42635-2501-92A4-9378-2AAFC1C84D4B}.Release|x64.Build.0 = Release|Any CPU
		{82E42635-2501-92A4-9378-2AAFC1C84D4B}.Release|x86.ActiveCfg = Release|Any CPU
		{82E42635-2501-92A4-9378-2AAFC1C84D4B}.Release|x86.Build.0 = Release|Any CPU
		{36DEC5CE-9CD4-C121-306F-7F13487BEACB}.Debug|Any CPU.ActiveCfg = Debug|Any CPU
		{36DEC5CE-9CD4-C121-306F-7F13487BEACB}.Debug|Any CPU.Build.0 = Debug|Any CPU
		{36DEC5CE-9CD4-C121-306F-7F13487BEACB}.Debug|x64.ActiveCfg = Debug|Any CPU
		{36DEC5CE-9CD4-C121-306F-7F13487BEACB}.Debug|x64.Build.0 = Debug|Any CPU
		{36DEC5CE-9CD4-C121-306F-7F13487BEACB}.Debug|x86.ActiveCfg = Debug|Any CPU
		{36DEC5CE-9CD4-C121-306F-7F13487BEACB}.Debug|x86.Build.0 = Debug|Any CPU
		{36DEC5CE-9CD4-C121-306F-7F13487BEACB}.Release|Any CPU.ActiveCfg = Release|Any CPU
		{36DEC5CE-9CD4-C121-306F-7F13487BEACB}.Release|Any CPU.Build.0 = Release|Any CPU
		{36DEC5CE-9CD4-C121-306F-7F13487BEACB}.Release|x64.ActiveCfg = Release|Any CPU
		{36DEC5CE-9CD4-C121-306F-7F13487BEACB}.Release|x64.Build.0 = Release|Any CPU
		{36DEC5CE-9CD4-C121-306F-7F13487BEACB}.Release|x86.ActiveCfg = Release|Any CPU
		{36DEC5CE-9CD4-C121-306F-7F13487BEACB}.Release|x86.Build.0 = Release|Any CPU
		{972A0276-EBB6-E1AB-217D-3BF55359BFF3}.Debug|Any CPU.ActiveCfg = Debug|Any CPU
		{972A0276-EBB6-E1AB-217D-3BF55359BFF3}.Debug|Any CPU.Build.0 = Debug|Any CPU
		{972A0276-EBB6-E1AB-217D-3BF55359BFF3}.Debug|x64.ActiveCfg = Debug|Any CPU
		{972A0276-EBB6-E1AB-217D-3BF55359BFF3}.Debug|x64.Build.0 = Debug|Any CPU
		{972A0276-EBB6-E1AB-217D-3BF55359BFF3}.Debug|x86.ActiveCfg = Debug|Any CPU
		{972A0276-EBB6-E1AB-217D-3BF55359BFF3}.Debug|x86.Build.0 = Debug|Any CPU
		{972A0276-EBB6-E1AB-217D-3BF55359BFF3}.Release|Any CPU.ActiveCfg = Release|Any CPU
		{972A0276-EBB6-E1AB-217D-3BF55359BFF3}.Release|Any CPU.Build.0 = Release|Any CPU
		{972A0276-EBB6-E1AB-217D-3BF55359BFF3}.Release|x64.ActiveCfg = Release|Any CPU
		{972A0276-EBB6-E1AB-217D-3BF55359BFF3}.Release|x64.Build.0 = Release|Any CPU
		{972A0276-EBB6-E1AB-217D-3BF55359BFF3}.Release|x86.ActiveCfg = Release|Any CPU
		{972A0276-EBB6-E1AB-217D-3BF55359BFF3}.Release|x86.Build.0 = Release|Any CPU
		{6CDA2E67-6DE2-D6F4-0216-894C9FE3C895}.Debug|Any CPU.ActiveCfg = Debug|Any CPU
		{6CDA2E67-6DE2-D6F4-0216-894C9FE3C895}.Debug|Any CPU.Build.0 = Debug|Any CPU
		{6CDA2E67-6DE2-D6F4-0216-894C9FE3C895}.Debug|x64.ActiveCfg = Debug|Any CPU
		{6CDA2E67-6DE2-D6F4-0216-894C9FE3C895}.Debug|x64.Build.0 = Debug|Any CPU
		{6CDA2E67-6DE2-D6F4-0216-894C9FE3C895}.Debug|x86.ActiveCfg = Debug|Any CPU
		{6CDA2E67-6DE2-D6F4-0216-894C9FE3C895}.Debug|x86.Build.0 = Debug|Any CPU
		{6CDA2E67-6DE2-D6F4-0216-894C9FE3C895}.Release|Any CPU.ActiveCfg = Release|Any CPU
		{6CDA2E67-6DE2-D6F4-0216-894C9FE3C895}.Release|Any CPU.Build.0 = Release|Any CPU
		{6CDA2E67-6DE2-D6F4-0216-894C9FE3C895}.Release|x64.ActiveCfg = Release|Any CPU
		{6CDA2E67-6DE2-D6F4-0216-894C9FE3C895}.Release|x64.Build.0 = Release|Any CPU
		{6CDA2E67-6DE2-D6F4-0216-894C9FE3C895}.Release|x86.ActiveCfg = Release|Any CPU
		{6CDA2E67-6DE2-D6F4-0216-894C9FE3C895}.Release|x86.Build.0 = Release|Any CPU
	EndGlobalSection
	GlobalSection(SolutionProperties) = preSolution
		HideSolutionNode = FALSE
	EndGlobalSection
	GlobalSection(NestedProjects) = preSolution
		{F0AB293A-A8A6-4225-A4D4-BD93ECA4D6AE} = {827E0CD3-B72D-47B6-A68D-7590B98EB39B}
		{32E641B0-11CF-48D2-B96E-159B43AFAB4C} = {827E0CD3-B72D-47B6-A68D-7590B98EB39B}
		{5C16EE1C-9634-4E4D-B418-DDFC5524182E} = {827E0CD3-B72D-47B6-A68D-7590B98EB39B}
		{2365E8B1-A109-41B3-A0DD-BBB85EC3D51E} = {827E0CD3-B72D-47B6-A68D-7590B98EB39B}
		{C415CA63-5D46-47B0-96C7-AC47EE90557F} = {827E0CD3-B72D-47B6-A68D-7590B98EB39B}
		{0DBA3CDB-9771-4F4C-930A-72BFE4A4D99D} = {827E0CD3-B72D-47B6-A68D-7590B98EB39B}
		{4FFB8CCB-F164-4508-8178-742A3F6B292C} = {827E0CD3-B72D-47B6-A68D-7590B98EB39B}
		{4912F7F4-5854-4285-8056-24B7F6085B1B} = {827E0CD3-B72D-47B6-A68D-7590B98EB39B}
		{82E42635-2501-92A4-9378-2AAFC1C84D4B} = {827E0CD3-B72D-47B6-A68D-7590B98EB39B}
		{36DEC5CE-9CD4-C121-306F-7F13487BEACB} = {827E0CD3-B72D-47B6-A68D-7590B98EB39B}
		{972A0276-EBB6-E1AB-217D-3BF55359BFF3} = {02EA681E-C7D8-13C7-8484-4AC65E1B71E8}
		{6CDA2E67-6DE2-D6F4-0216-894C9FE3C895} = {02EA681E-C7D8-13C7-8484-4AC65E1B71E8}
	EndGlobalSection
	GlobalSection(ExtensibilityGlobals) = postSolution
		SolutionGuid = {C7DBA31E-0CF8-4284-B055-CC2F70BFA962}
	EndGlobalSection
EndGlobal
