
Microsoft Visual Studio Solution File, Format Version 12.00
# Visual Studio Version 17
VisualStudioVersion = 17.0.31903.59
MinimumVisualStudioVersion = 10.0.40219.1
Project("{FAE04EC0-301F-11D3-BF4B-00C04F79EFBC}") = "LimboDancer.Domains.Asl.Authoring", "LimboDancer.Domains.Asl.Authoring\LimboDancer.Domains.Asl.Authoring.csproj", "{EE0F6D14-375A-4955-8BDC-D103E880A1A5}"
EndProject
Project("{FAE04EC0-301F-11D3-BF4B-00C04F79EFBC}") = "LimboDancer.Domains.Asl.Authoring.Cli", "LimboDancer.Domains.Asl.Authoring.Cli\LimboDancer.Domains.Asl.Authoring.Cli.csproj", "{9700A31C-21EE-4F23-B294-0F0D7A450728}"
EndProject
Project("{FAE04EC0-301F-11D3-BF4B-00C04F79EFBC}") = "LimboDancer.Domains.Asl.Authoring.Tests", "tests\LimboDancer.Domains.Asl.Authoring.Tests\LimboDancer.Domains.Asl.Authoring.Tests.csproj", "{250F5FD8-A032-4853-8592-311B86EC6ACD}"
EndProject
Project("{FAE04EC0-301F-11D3-BF4B-00C04F79EFBC}") = "LimboDancer.Domains.Asl.Maps", "LimboDancer.Domains.Asl.Maps\LimboDancer.Domains.Asl.Maps.csproj", "{ACBCB1BA-7984-4FB7-BE3A-3772B770C08F}"
EndProject
Project("{FAE04EC0-301F-11D3-BF4B-00C04F79EFBC}") = "LimboDancer.Domains.Asl.Maps.Vasl", "LimboDancer.Domains.Asl.Maps.Vasl\LimboDancer.Domains.Asl.Maps.Vasl.csproj", "{509D9101-6C41-4399-B29E-C7B209214D6F}"
EndProject
Project("{FAE04EC0-301F-11D3-BF4B-00C04F79EFBC}") = "LimboDancer.Domains.Asl.Maps.Rendering", "LimboDancer.Domains.Asl.Maps.Rendering\LimboDancer.Domains.Asl.Maps.Rendering.csproj", "{A224EF97-F668-4269-BA7A-84FAC168D1E4}"
EndProject
Project("{FAE04EC0-301F-11D3-BF4B-00C04F79EFBC}") = "LimboDancer.Domains.Asl.MapStudio", "LimboDancer.Domains.Asl.MapStudio\LimboDancer.Domains.Asl.MapStudio.csproj", "{A6A6FC51-46BC-4113-A884-D8410E8F3FB5}"
EndProject
Project("{2150E333-8FDC-42A3-9474-1A3956D46DE8}") = "tests", "tests", "{0AB3BF05-4346-4AA6-1389-037BE0695223}"
EndProject
Project("{FAE04EC0-301F-11D3-BF4B-00C04F79EFBC}") = "LimboDancer.Domains.Asl.Maps.Tests", "tests\LimboDancer.Domains.Asl.Maps.Tests\LimboDancer.Domains.Asl.Maps.Tests.csproj", "{90D60F96-B3BD-43F9-8816-354466FD946C}"
EndProject
Project("{FAE04EC0-301F-11D3-BF4B-00C04F79EFBC}") = "LimboDancer.Domains.Asl.Maps.Vasl.Tests", "tests\LimboDancer.Domains.Asl.Maps.Vasl.Tests\LimboDancer.Domains.Asl.Maps.Vasl.Tests.csproj", "{551636D7-28A3-4BE9-9E34-2BD4354A99CF}"
EndProject
Project("{FAE04EC0-301F-11D3-BF4B-00C04F79EFBC}") = "LimboDancer.Domains.Asl.Maps.Rendering.Tests", "tests\LimboDancer.Domains.Asl.Maps.Rendering.Tests\LimboDancer.Domains.Asl.Maps.Rendering.Tests.csproj", "{B23B121A-528B-443F-9CAB-61F6BE7C2F7E}"
EndProject
Project("{FAE04EC0-301F-11D3-BF4B-00C04F79EFBC}") = "LimboDancer.Domains.Asl.MapStudio.Tests", "tests\LimboDancer.Domains.Asl.MapStudio.Tests\LimboDancer.Domains.Asl.MapStudio.Tests.csproj", "{C0028C6D-2A20-48D0-9B95-B8F67F5E1575}"
EndProject
Project("{FAE04EC0-301F-11D3-BF4B-00C04F79EFBC}") = "LimboDancer.Domains.Asl.Units", "LimboDancer.Domains.Asl.Units\LimboDancer.Domains.Asl.Units.csproj", "{85E0D38C-C6CC-42E3-B9AA-9B51C40D6FF5}"
EndProject
Project("{FAE04EC0-301F-11D3-BF4B-00C04F79EFBC}") = "LimboDancer.Domains.Asl.Units.Rendering", "LimboDancer.Domains.Asl.Units.Rendering\LimboDancer.Domains.Asl.Units.Rendering.csproj", "{8B30EBDF-EE47-464E-A0B4-6C8D0B3358DE}"
EndProject
Project("{FAE04EC0-301F-11D3-BF4B-00C04F79EFBC}") = "LimboDancer.Domains.Asl.Units.Tests", "tests\LimboDancer.Domains.Asl.Units.Tests\LimboDancer.Domains.Asl.Units.Tests.csproj", "{7DE7FFA8-9B51-42DC-B7AF-ED7F2DF1C247}"
EndProject
Project("{FAE04EC0-301F-11D3-BF4B-00C04F79EFBC}") = "LimboDancer.Domains.Asl.Units.Rendering.Tests", "tests\LimboDancer.Domains.Asl.Units.Rendering.Tests\LimboDancer.Domains.Asl.Units.Rendering.Tests.csproj", "{EDC11ACE-F11B-49E4-8E61-7BB7E330DFD8}"
EndProject
Project("{FAE04EC0-301F-11D3-BF4B-00C04F79EFBC}") = "LimboDancer.Domains.Asl.Units.CounterSheets", "LimboDancer.Domains.Asl.Units.CounterSheets\LimboDancer.Domains.Asl.Units.CounterSheets.csproj", "{49223EC6-1F0E-46EB-B5F9-BF39F2C6629F}"
EndProject
Project("{FAE04EC0-301F-11D3-BF4B-00C04F79EFBC}") = "LimboDancer.Domains.Asl.Units.CounterSheets.Tests", "tests\LimboDancer.Domains.Asl.Units.CounterSheets.Tests\LimboDancer.Domains.Asl.Units.CounterSheets.Tests.csproj", "{3B76AC00-93FB-4ABB-9D38-618F3F3C87A0}"
EndProject
Project("{FAE04EC0-301F-11D3-BF4B-00C04F79EFBC}") = "LimboDancer.Domains.Asl.Play", "LimboDancer.Domains.Asl.Play\LimboDancer.Domains.Asl.Play.csproj", "{2F525934-FB28-4F18-9AB1-F9A3D43535E5}"
EndProject
Project("{FAE04EC0-301F-11D3-BF4B-00C04F79EFBC}") = "LimboDancer.Domains.Asl.Play.Tests", "tests\LimboDancer.Domains.Asl.Play.Tests\LimboDancer.Domains.Asl.Play.Tests.csproj", "{F78AA858-5F0C-48A2-AE90-466B0F24A400}"
EndProject
Project("{FAE04EC0-301F-11D3-BF4B-00C04F79EFBC}") = "LimboDancer.Dice", "LimboDancer.Dice\LimboDancer.Dice.csproj", "{79450F38-5E61-49A1-AE5B-1E638FCC3179}"
EndProject
Project("{FAE04EC0-301F-11D3-BF4B-00C04F79EFBC}") = "LimboDancer.Dice.Tests", "tests\LimboDancer.Dice.Tests\LimboDancer.Dice.Tests.csproj", "{3B6B23B3-6E66-4CB7-92A6-6DC471274BA3}"
EndProject
Global
	GlobalSection(SolutionConfigurationPlatforms) = preSolution
		Debug|Any CPU = Debug|Any CPU
		Debug|x64 = Debug|x64
		Debug|x86 = Debug|x86
		Release|Any CPU = Release|Any CPU
		Release|x64 = Release|x64
		Release|x86 = Release|x86
	EndGlobalSection
	GlobalSection(ProjectConfigurationPlatforms) = postSolution
		{EE0F6D14-375A-4955-8BDC-D103E880A1A5}.Debug|Any CPU.ActiveCfg = Debug|Any CPU
		{EE0F6D14-375A-4955-8BDC-D103E880A1A5}.Debug|Any CPU.Build.0 = Debug|Any CPU
		{EE0F6D14-375A-4955-8BDC-D103E880A1A5}.Debug|x64.ActiveCfg = Debug|Any CPU
		{EE0F6D14-375A-4955-8BDC-D103E880A1A5}.Debug|x64.Build.0 = Debug|Any CPU
		{EE0F6D14-375A-4955-8BDC-D103E880A1A5}.Debug|x86.ActiveCfg = Debug|Any CPU
		{EE0F6D14-375A-4955-8BDC-D103E880A1A5}.Debug|x86.Build.0 = Debug|Any CPU
		{EE0F6D14-375A-4955-8BDC-D103E880A1A5}.Release|Any CPU.ActiveCfg = Release|Any CPU
		{EE0F6D14-375A-4955-8BDC-D103E880A1A5}.Release|Any CPU.Build.0 = Release|Any CPU
		{EE0F6D14-375A-4955-8BDC-D103E880A1A5}.Release|x64.ActiveCfg = Release|Any CPU
		{EE0F6D14-375A-4955-8BDC-D103E880A1A5}.Release|x64.Build.0 = Release|Any CPU
		{EE0F6D14-375A-4955-8BDC-D103E880A1A5}.Release|x86.ActiveCfg = Release|Any CPU
		{EE0F6D14-375A-4955-8BDC-D103E880A1A5}.Release|x86.Build.0 = Release|Any CPU
		{9700A31C-21EE-4F23-B294-0F0D7A450728}.Debug|Any CPU.ActiveCfg = Debug|Any CPU
		{9700A31C-21EE-4F23-B294-0F0D7A450728}.Debug|Any CPU.Build.0 = Debug|Any CPU
		{9700A31C-21EE-4F23-B294-0F0D7A450728}.Debug|x64.ActiveCfg = Debug|Any CPU
		{9700A31C-21EE-4F23-B294-0F0D7A450728}.Debug|x64.Build.0 = Debug|Any CPU
		{9700A31C-21EE-4F23-B294-0F0D7A450728}.Debug|x86.ActiveCfg = Debug|Any CPU
		{9700A31C-21EE-4F23-B294-0F0D7A450728}.Debug|x86.Build.0 = Debug|Any CPU
		{9700A31C-21EE-4F23-B294-0F0D7A450728}.Release|Any CPU.ActiveCfg = Release|Any CPU
		{9700A31C-21EE-4F23-B294-0F0D7A450728}.Release|Any CPU.Build.0 = Release|Any CPU
		{9700A31C-21EE-4F23-B294-0F0D7A450728}.Release|x64.ActiveCfg = Release|Any CPU
		{9700A31C-21EE-4F23-B294-0F0D7A450728}.Release|x64.Build.0 = Release|Any CPU
		{9700A31C-21EE-4F23-B294-0F0D7A450728}.Release|x86.ActiveCfg = Release|Any CPU
		{9700A31C-21EE-4F23-B294-0F0D7A450728}.Release|x86.Build.0 = Release|Any CPU
		{250F5FD8-A032-4853-8592-311B86EC6ACD}.Debug|Any CPU.ActiveCfg = Debug|Any CPU
		{250F5FD8-A032-4853-8592-311B86EC6ACD}.Debug|Any CPU.Build.0 = Debug|Any CPU
		{250F5FD8-A032-4853-8592-311B86EC6ACD}.Debug|x64.ActiveCfg = Debug|Any CPU
		{250F5FD8-A032-4853-8592-311B86EC6ACD}.Debug|x64.Build.0 = Debug|Any CPU
		{250F5FD8-A032-4853-8592-311B86EC6ACD}.Debug|x86.ActiveCfg = Debug|Any CPU
		{250F5FD8-A032-4853-8592-311B86EC6ACD}.Debug|x86.Build.0 = Debug|Any CPU
		{250F5FD8-A032-4853-8592-311B86EC6ACD}.Release|Any CPU.ActiveCfg = Release|Any CPU
		{250F5FD8-A032-4853-8592-311B86EC6ACD}.Release|Any CPU.Build.0 = Release|Any CPU
		{250F5FD8-A032-4853-8592-311B86EC6ACD}.Release|x64.ActiveCfg = Release|Any CPU
		{250F5FD8-A032-4853-8592-311B86EC6ACD}.Release|x64.Build.0 = Release|Any CPU
		{250F5FD8-A032-4853-8592-311B86EC6ACD}.Release|x86.ActiveCfg = Release|Any CPU
		{250F5FD8-A032-4853-8592-311B86EC6ACD}.Release|x86.Build.0 = Release|Any CPU
		{ACBCB1BA-7984-4FB7-BE3A-3772B770C08F}.Debug|Any CPU.ActiveCfg = Debug|Any CPU
		{ACBCB1BA-7984-4FB7-BE3A-3772B770C08F}.Debug|Any CPU.Build.0 = Debug|Any CPU
		{ACBCB1BA-7984-4FB7-BE3A-3772B770C08F}.Debug|x64.ActiveCfg = Debug|Any CPU
		{ACBCB1BA-7984-4FB7-BE3A-3772B770C08F}.Debug|x64.Build.0 = Debug|Any CPU
		{ACBCB1BA-7984-4FB7-BE3A-3772B770C08F}.Debug|x86.ActiveCfg = Debug|Any CPU
		{ACBCB1BA-7984-4FB7-BE3A-3772B770C08F}.Debug|x86.Build.0 = Debug|Any CPU
		{ACBCB1BA-7984-4FB7-BE3A-3772B770C08F}.Release|Any CPU.ActiveCfg = Release|Any CPU
		{ACBCB1BA-7984-4FB7-BE3A-3772B770C08F}.Release|Any CPU.Build.0 = Release|Any CPU
		{ACBCB1BA-7984-4FB7-BE3A-3772B770C08F}.Release|x64.ActiveCfg = Release|Any CPU
		{ACBCB1BA-7984-4FB7-BE3A-3772B770C08F}.Release|x64.Build.0 = Release|Any CPU
		{ACBCB1BA-7984-4FB7-BE3A-3772B770C08F}.Release|x86.ActiveCfg = Release|Any CPU
		{ACBCB1BA-7984-4FB7-BE3A-3772B770C08F}.Release|x86.Build.0 = Release|Any CPU
		{509D9101-6C41-4399-B29E-C7B209214D6F}.Debug|Any CPU.ActiveCfg = Debug|Any CPU
		{509D9101-6C41-4399-B29E-C7B209214D6F}.Debug|Any CPU.Build.0 = Debug|Any CPU
		{509D9101-6C41-4399-B29E-C7B209214D6F}.Debug|x64.ActiveCfg = Debug|Any CPU
		{509D9101-6C41-4399-B29E-C7B209214D6F}.Debug|x64.Build.0 = Debug|Any CPU
		{509D9101-6C41-4399-B29E-C7B209214D6F}.Debug|x86.ActiveCfg = Debug|Any CPU
		{509D9101-6C41-4399-B29E-C7B209214D6F}.Debug|x86.Build.0 = Debug|Any CPU
		{509D9101-6C41-4399-B29E-C7B209214D6F}.Release|Any CPU.ActiveCfg = Release|Any CPU
		{509D9101-6C41-4399-B29E-C7B209214D6F}.Release|Any CPU.Build.0 = Release|Any CPU
		{509D9101-6C41-4399-B29E-C7B209214D6F}.Release|x64.ActiveCfg = Release|Any CPU
		{509D9101-6C41-4399-B29E-C7B209214D6F}.Release|x64.Build.0 = Release|Any CPU
		{509D9101-6C41-4399-B29E-C7B209214D6F}.Release|x86.ActiveCfg = Release|Any CPU
		{509D9101-6C41-4399-B29E-C7B209214D6F}.Release|x86.Build.0 = Release|Any CPU
		{A224EF97-F668-4269-BA7A-84FAC168D1E4}.Debug|Any CPU.ActiveCfg = Debug|Any CPU
		{A224EF97-F668-4269-BA7A-84FAC168D1E4}.Debug|Any CPU.Build.0 = Debug|Any CPU
		{A224EF97-F668-4269-BA7A-84FAC168D1E4}.Debug|x64.ActiveCfg = Debug|Any CPU
		{A224EF97-F668-4269-BA7A-84FAC168D1E4}.Debug|x64.Build.0 = Debug|Any CPU
		{A224EF97-F668-4269-BA7A-84FAC168D1E4}.Debug|x86.ActiveCfg = Debug|Any CPU
		{A224EF97-F668-4269-BA7A-84FAC168D1E4}.Debug|x86.Build.0 = Debug|Any CPU
		{A224EF97-F668-4269-BA7A-84FAC168D1E4}.Release|Any CPU.ActiveCfg = Release|Any CPU
		{A224EF97-F668-4269-BA7A-84FAC168D1E4}.Release|Any CPU.Build.0 = Release|Any CPU
		{A224EF97-F668-4269-BA7A-84FAC168D1E4}.Release|x64.ActiveCfg = Release|Any CPU
		{A224EF97-F668-4269-BA7A-84FAC168D1E4}.Release|x64.Build.0 = Release|Any CPU
		{A224EF97-F668-4269-BA7A-84FAC168D1E4}.Release|x86.ActiveCfg = Release|Any CPU
		{A224EF97-F668-4269-BA7A-84FAC168D1E4}.Release|x86.Build.0 = Release|Any CPU
		{A6A6FC51-46BC-4113-A884-D8410E8F3FB5}.Debug|Any CPU.ActiveCfg = Debug|Any CPU
		{A6A6FC51-46BC-4113-A884-D8410E8F3FB5}.Debug|Any CPU.Build.0 = Debug|Any CPU
		{A6A6FC51-46BC-4113-A884-D8410E8F3FB5}.Debug|x64.ActiveCfg = Debug|Any CPU
		{A6A6FC51-46BC-4113-A884-D8410E8F3FB5}.Debug|x64.Build.0 = Debug|Any CPU
		{A6A6FC51-46BC-4113-A884-D8410E8F3FB5}.Debug|x86.ActiveCfg = Debug|Any CPU
		{A6A6FC51-46BC-4113-A884-D8410E8F3FB5}.Debug|x86.Build.0 = Debug|Any CPU
		{A6A6FC51-46BC-4113-A884-D8410E8F3FB5}.Release|Any CPU.ActiveCfg = Release|Any CPU
		{A6A6FC51-46BC-4113-A884-D8410E8F3FB5}.Release|Any CPU.Build.0 = Release|Any CPU
		{A6A6FC51-46BC-4113-A884-D8410E8F3FB5}.Release|x64.ActiveCfg = Release|Any CPU
		{A6A6FC51-46BC-4113-A884-D8410E8F3FB5}.Release|x64.Build.0 = Release|Any CPU
		{A6A6FC51-46BC-4113-A884-D8410E8F3FB5}.Release|x86.ActiveCfg = Release|Any CPU
		{A6A6FC51-46BC-4113-A884-D8410E8F3FB5}.Release|x86.Build.0 = Release|Any CPU
		{90D60F96-B3BD-43F9-8816-354466FD946C}.Debug|Any CPU.ActiveCfg = Debug|Any CPU
		{90D60F96-B3BD-43F9-8816-354466FD946C}.Debug|Any CPU.Build.0 = Debug|Any CPU
		{90D60F96-B3BD-43F9-8816-354466FD946C}.Debug|x64.ActiveCfg = Debug|Any CPU
		{90D60F96-B3BD-43F9-8816-354466FD946C}.Debug|x64.Build.0 = Debug|Any CPU
		{90D60F96-B3BD-43F9-8816-354466FD946C}.Debug|x86.ActiveCfg = Debug|Any CPU
		{90D60F96-B3BD-43F9-8816-354466FD946C}.Debug|x86.Build.0 = Debug|Any CPU
		{90D60F96-B3BD-43F9-8816-354466FD946C}.Release|Any CPU.ActiveCfg = Release|Any CPU
		{90D60F96-B3BD-43F9-8816-354466FD946C}.Release|Any CPU.Build.0 = Release|Any CPU
		{90D60F96-B3BD-43F9-8816-354466FD946C}.Release|x64.ActiveCfg = Release|Any CPU
		{90D60F96-B3BD-43F9-8816-354466FD946C}.Release|x64.Build.0 = Release|Any CPU
		{90D60F96-B3BD-43F9-8816-354466FD946C}.Release|x86.ActiveCfg = Release|Any CPU
		{90D60F96-B3BD-43F9-8816-354466FD946C}.Release|x86.Build.0 = Release|Any CPU
		{551636D7-28A3-4BE9-9E34-2BD4354A99CF}.Debug|Any CPU.ActiveCfg = Debug|Any CPU
		{551636D7-28A3-4BE9-9E34-2BD4354A99CF}.Debug|Any CPU.Build.0 = Debug|Any CPU
		{551636D7-28A3-4BE9-9E34-2BD4354A99CF}.Debug|x64.ActiveCfg = Debug|Any CPU
		{551636D7-28A3-4BE9-9E34-2BD4354A99CF}.Debug|x64.Build.0 = Debug|Any CPU
		{551636D7-28A3-4BE9-9E34-2BD4354A99CF}.Debug|x86.ActiveCfg = Debug|Any CPU
		{551636D7-28A3-4BE9-9E34-2BD4354A99CF}.Debug|x86.Build.0 = Debug|Any CPU
		{551636D7-28A3-4BE9-9E34-2BD4354A99CF}.Release|Any CPU.ActiveCfg = Release|Any CPU
		{551636D7-28A3-4BE9-9E34-2BD4354A99CF}.Release|Any CPU.Build.0 = Release|Any CPU
		{551636D7-28A3-4BE9-9E34-2BD4354A99CF}.Release|x64.ActiveCfg = Release|Any CPU
		{551636D7-28A3-4BE9-9E34-2BD4354A99CF}.Release|x64.Build.0 = Release|Any CPU
		{551636D7-28A3-4BE9-9E34-2BD4354A99CF}.Release|x86.ActiveCfg = Release|Any CPU
		{551636D7-28A3-4BE9-9E34-2BD4354A99CF}.Release|x86.Build.0 = Release|Any CPU
		{B23B121A-528B-443F-9CAB-61F6BE7C2F7E}.Debug|Any CPU.ActiveCfg = Debug|Any CPU
		{B23B121A-528B-443F-9CAB-61F6BE7C2F7E}.Debug|Any CPU.Build.0 = Debug|Any CPU
		{B23B121A-528B-443F-9CAB-61F6BE7C2F7E}.Debug|x64.ActiveCfg = Debug|Any CPU
		{B23B121A-528B-443F-9CAB-61F6BE7C2F7E}.Debug|x64.Build.0 = Debug|Any CPU
		{B23B121A-528B-443F-9CAB-61F6BE7C2F7E}.Debug|x86.ActiveCfg = Debug|Any CPU
		{B23B121A-528B-443F-9CAB-61F6BE7C2F7E}.Debug|x86.Build.0 = Debug|Any CPU
		{B23B121A-528B-443F-9CAB-61F6BE7C2F7E}.Release|Any CPU.ActiveCfg = Release|Any CPU
		{B23B121A-528B-443F-9CAB-61F6BE7C2F7E}.Release|Any CPU.Build.0 = Release|Any CPU
		{B23B121A-528B-443F-9CAB-61F6BE7C2F7E}.Release|x64.ActiveCfg = Release|Any CPU
		{B23B121A-528B-443F-9CAB-61F6BE7C2F7E}.Release|x64.Build.0 = Release|Any CPU
		{B23B121A-528B-443F-9CAB-61F6BE7C2F7E}.Release|x86.ActiveCfg = Release|Any CPU
		{B23B121A-528B-443F-9CAB-61F6BE7C2F7E}.Release|x86.Build.0 = Release|Any CPU
		{C0028C6D-2A20-48D0-9B95-B8F67F5E1575}.Debug|Any CPU.ActiveCfg = Debug|Any CPU
		{C0028C6D-2A20-48D0-9B95-B8F67F5E1575}.Debug|Any CPU.Build.0 = Debug|Any CPU
		{C0028C6D-2A20-48D0-9B95-B8F67F5E1575}.Debug|x64.ActiveCfg = Debug|Any CPU
		{C0028C6D-2A20-48D0-9B95-B8F67F5E1575}.Debug|x64.Build.0 = Debug|Any CPU
		{C0028C6D-2A20-48D0-9B95-B8F67F5E1575}.Debug|x86.ActiveCfg = Debug|Any CPU
		{C0028C6D-2A20-48D0-9B95-B8F67F5E1575}.Debug|x86.Build.0 = Debug|Any CPU
		{C0028C6D-2A20-48D0-9B95-B8F67F5E1575}.Release|Any CPU.ActiveCfg = Release|Any CPU
		{C0028C6D-2A20-48D0-9B95-B8F67F5E1575}.Release|Any CPU.Build.0 = Release|Any CPU
		{C0028C6D-2A20-48D0-9B95-B8F67F5E1575}.Release|x64.ActiveCfg = Release|Any CPU
		{C0028C6D-2A20-48D0-9B95-B8F67F5E1575}.Release|x64.Build.0 = Release|Any CPU
		{C0028C6D-2A20-48D0-9B95-B8F67F5E1575}.Release|x86.ActiveCfg = Release|Any CPU
		{C0028C6D-2A20-48D0-9B95-B8F67F5E1575}.Release|x86.Build.0 = Release|Any CPU
		{85E0D38C-C6CC-42E3-B9AA-9B51C40D6FF5}.Debug|Any CPU.ActiveCfg = Debug|Any CPU
		{85E0D38C-C6CC-42E3-B9AA-9B51C40D6FF5}.Debug|Any CPU.Build.0 = Debug|Any CPU
		{85E0D38C-C6CC-42E3-B9AA-9B51C40D6FF5}.Debug|x64.ActiveCfg = Debug|Any CPU
		{85E0D38C-C6CC-42E3-B9AA-9B51C40D6FF5}.Debug|x64.Build.0 = Debug|Any CPU
		{85E0D38C-C6CC-42E3-B9AA-9B51C40D6FF5}.Debug|x86.ActiveCfg = Debug|Any CPU
		{85E0D38C-C6CC-42E3-B9AA-9B51C40D6FF5}.Debug|x86.Build.0 = Debug|Any CPU
		{85E0D38C-C6CC-42E3-B9AA-9B51C40D6FF5}.Release|Any CPU.ActiveCfg = Release|Any CPU
		{85E0D38C-C6CC-42E3-B9AA-9B51C40D6FF5}.Release|Any CPU.Build.0 = Release|Any CPU
		{85E0D38C-C6CC-42E3-B9AA-9B51C40D6FF5}.Release|x64.ActiveCfg = Release|Any CPU
		{85E0D38C-C6CC-42E3-B9AA-9B51C40D6FF5}.Release|x64.Build.0 = Release|Any CPU
		{85E0D38C-C6CC-42E3-B9AA-9B51C40D6FF5}.Release|x86.ActiveCfg = Release|Any CPU
		{85E0D38C-C6CC-42E3-B9AA-9B51C40D6FF5}.Release|x86.Build.0 = Release|Any CPU
		{8B30EBDF-EE47-464E-A0B4-6C8D0B3358DE}.Debug|Any CPU.ActiveCfg = Debug|Any CPU
		{8B30EBDF-EE47-464E-A0B4-6C8D0B3358DE}.Debug|Any CPU.Build.0 = Debug|Any CPU
		{8B30EBDF-EE47-464E-A0B4-6C8D0B3358DE}.Debug|x64.ActiveCfg = Debug|Any CPU
		{8B30EBDF-EE47-464E-A0B4-6C8D0B3358DE}.Debug|x64.Build.0 = Debug|Any CPU
		{8B30EBDF-EE47-464E-A0B4-6C8D0B3358DE}.Debug|x86.ActiveCfg = Debug|Any CPU
		{8B30EBDF-EE47-464E-A0B4-6C8D0B3358DE}.Debug|x86.Build.0 = Debug|Any CPU
		{8B30EBDF-EE47-464E-A0B4-6C8D0B3358DE}.Release|Any CPU.ActiveCfg = Release|Any CPU
		{8B30EBDF-EE47-464E-A0B4-6C8D0B3358DE}.Release|Any CPU.Build.0 = Release|Any CPU
		{8B30EBDF-EE47-464E-A0B4-6C8D0B3358DE}.Release|x64.ActiveCfg = Release|Any CPU
		{8B30EBDF-EE47-464E-A0B4-6C8D0B3358DE}.Release|x64.Build.0 = Release|Any CPU
		{8B30EBDF-EE47-464E-A0B4-6C8D0B3358DE}.Release|x86.ActiveCfg = Release|Any CPU
		{8B30EBDF-EE47-464E-A0B4-6C8D0B3358DE}.Release|x86.Build.0 = Release|Any CPU
		{7DE7FFA8-9B51-42DC-B7AF-ED7F2DF1C247}.Debug|Any CPU.ActiveCfg = Debug|Any CPU
		{7DE7FFA8-9B51-42DC-B7AF-ED7F2DF1C247}.Debug|Any CPU.Build.0 = Debug|Any CPU
		{7DE7FFA8-9B51-42DC-B7AF-ED7F2DF1C247}.Debug|x64.ActiveCfg = Debug|Any CPU
		{7DE7FFA8-9B51-42DC-B7AF-ED7F2DF1C247}.Debug|x64.Build.0 = Debug|Any CPU
		{7DE7FFA8-9B51-42DC-B7AF-ED7F2DF1C247}.Debug|x86.ActiveCfg = Debug|Any CPU
		{7DE7FFA8-9B51-42DC-B7AF-ED7F2DF1C247}.Debug|x86.Build.0 = Debug|Any CPU
		{7DE7FFA8-9B51-42DC-B7AF-ED7F2DF1C247}.Release|Any CPU.ActiveCfg = Release|Any CPU
		{7DE7FFA8-9B51-42DC-B7AF-ED7F2DF1C247}.Release|Any CPU.Build.0 = Release|Any CPU
		{7DE7FFA8-9B51-42DC-B7AF-ED7F2DF1C247}.Release|x64.ActiveCfg = Release|Any CPU
		{7DE7FFA8-9B51-42DC-B7AF-ED7F2DF1C247}.Release|x64.Build.0 = Release|Any CPU
		{7DE7FFA8-9B51-42DC-B7AF-ED7F2DF1C247}.Release|x86.ActiveCfg = Release|Any CPU
		{7DE7FFA8-9B51-42DC-B7AF-ED7F2DF1C247}.Release|x86.Build.0 = Release|Any CPU
		{EDC11ACE-F11B-49E4-8E61-7BB7E330DFD8}.Debug|Any CPU.ActiveCfg = Debug|Any CPU
		{EDC11ACE-F11B-49E4-8E61-7BB7E330DFD8}.Debug|Any CPU.Build.0 = Debug|Any CPU
		{EDC11ACE-F11B-49E4-8E61-7BB7E330DFD8}.Debug|x64.ActiveCfg = Debug|Any CPU
		{EDC11ACE-F11B-49E4-8E61-7BB7E330DFD8}.Debug|x64.Build.0 = Debug|Any CPU
		{EDC11ACE-F11B-49E4-8E61-7BB7E330DFD8}.Debug|x86.ActiveCfg = Debug|Any CPU
		{EDC11ACE-F11B-49E4-8E61-7BB7E330DFD8}.Debug|x86.Build.0 = Debug|Any CPU
		{EDC11ACE-F11B-49E4-8E61-7BB7E330DFD8}.Release|Any CPU.ActiveCfg = Release|Any CPU
		{EDC11ACE-F11B-49E4-8E61-7BB7E330DFD8}.Release|Any CPU.Build.0 = Release|Any CPU
		{EDC11ACE-F11B-49E4-8E61-7BB7E330DFD8}.Release|x64.ActiveCfg = Release|Any CPU
		{EDC11ACE-F11B-49E4-8E61-7BB7E330DFD8}.Release|x64.Build.0 = Release|Any CPU
		{EDC11ACE-F11B-49E4-8E61-7BB7E330DFD8}.Release|x86.ActiveCfg = Release|Any CPU
		{EDC11ACE-F11B-49E4-8E61-7BB7E330DFD8}.Release|x86.Build.0 = Release|Any CPU
		{49223EC6-1F0E-46EB-B5F9-BF39F2C6629F}.Debug|Any CPU.ActiveCfg = Debug|Any CPU
		{49223EC6-1F0E-46EB-B5F9-BF39F2C6629F}.Debug|Any CPU.Build.0 = Debug|Any CPU
		{49223EC6-1F0E-46EB-B5F9-BF39F2C6629F}.Debug|x64.ActiveCfg = Debug|Any CPU
		{49223EC6-1F0E-46EB-B5F9-BF39F2C6629F}.Debug|x64.Build.0 = Debug|Any CPU
		{49223EC6-1F0E-46EB-B5F9-BF39F2C6629F}.Debug|x86.ActiveCfg = Debug|Any CPU
		{49223EC6-1F0E-46EB-B5F9-BF39F2C6629F}.Debug|x86.Build.0 = Debug|Any CPU
		{49223EC6-1F0E-46EB-B5F9-BF39F2C6629F}.Release|Any CPU.ActiveCfg = Release|Any CPU
		{49223EC6-1F0E-46EB-B5F9-BF39F2C6629F}.Release|Any CPU.Build.0 = Release|Any CPU
		{49223EC6-1F0E-46EB-B5F9-BF39F2C6629F}.Release|x64.ActiveCfg = Release|Any CPU
		{49223EC6-1F0E-46EB-B5F9-BF39F2C6629F}.Release|x64.Build.0 = Release|Any CPU
		{49223EC6-1F0E-46EB-B5F9-BF39F2C6629F}.Release|x86.ActiveCfg = Release|Any CPU
		{49223EC6-1F0E-46EB-B5F9-BF39F2C6629F}.Release|x86.Build.0 = Release|Any CPU
		{3B76AC00-93FB-4ABB-9D38-618F3F3C87A0}.Debug|Any CPU.ActiveCfg = Debug|Any CPU
		{3B76AC00-93FB-4ABB-9D38-618F3F3C87A0}.Debug|Any CPU.Build.0 = Debug|Any CPU
		{3B76AC00-93FB-4ABB-9D38-618F3F3C87A0}.Debug|x64.ActiveCfg = Debug|Any CPU
		{3B76AC00-93FB-4ABB-9D38-618F3F3C87A0}.Debug|x64.Build.0 = Debug|Any CPU
		{3B76AC00-93FB-4ABB-9D38-618F3F3C87A0}.Debug|x86.ActiveCfg = Debug|Any CPU
		{3B76AC00-93FB-4ABB-9D38-618F3F3C87A0}.Debug|x86.Build.0 = Debug|Any CPU
		{3B76AC00-93FB-4ABB-9D38-618F3F3C87A0}.Release|Any CPU.ActiveCfg = Release|Any CPU
		{3B76AC00-93FB-4ABB-9D38-618F3F3C87A0}.Release|Any CPU.Build.0 = Release|Any CPU
		{3B76AC00-93FB-4ABB-9D38-618F3F3C87A0}.Release|x64.ActiveCfg = Release|Any CPU
		{3B76AC00-93FB-4ABB-9D38-618F3F3C87A0}.Release|x64.Build.0 = Release|Any CPU
		{3B76AC00-93FB-4ABB-9D38-618F3F3C87A0}.Release|x86.ActiveCfg = Release|Any CPU
		{3B76AC00-93FB-4ABB-9D38-618F3F3C87A0}.Release|x86.Build.0 = Release|Any CPU
		{2F525934-FB28-4F18-9AB1-F9A3D43535E5}.Debug|Any CPU.ActiveCfg = Debug|Any CPU
		{2F525934-FB28-4F18-9AB1-F9A3D43535E5}.Debug|Any CPU.Build.0 = Debug|Any CPU
		{2F525934-FB28-4F18-9AB1-F9A3D43535E5}.Debug|x64.ActiveCfg = Debug|Any CPU
		{2F525934-FB28-4F18-9AB1-F9A3D43535E5}.Debug|x64.Build.0 = Debug|Any CPU
		{2F525934-FB28-4F18-9AB1-F9A3D43535E5}.Debug|x86.ActiveCfg = Debug|Any CPU
		{2F525934-FB28-4F18-9AB1-F9A3D43535E5}.Debug|x86.Build.0 = Debug|Any CPU
		{2F525934-FB28-4F18-9AB1-F9A3D43535E5}.Release|Any CPU.ActiveCfg = Release|Any CPU
		{2F525934-FB28-4F18-9AB1-F9A3D43535E5}.Release|Any CPU.Build.0 = Release|Any CPU
		{2F525934-FB28-4F18-9AB1-F9A3D43535E5}.Release|x64.ActiveCfg = Release|Any CPU
		{2F525934-FB28-4F18-9AB1-F9A3D43535E5}.Release|x64.Build.0 = Release|Any CPU
		{2F525934-FB28-4F18-9AB1-F9A3D43535E5}.Release|x86.ActiveCfg = Release|Any CPU
		{2F525934-FB28-4F18-9AB1-F9A3D43535E5}.Release|x86.Build.0 = Release|Any CPU
		{F78AA858-5F0C-48A2-AE90-466B0F24A400}.Debug|Any CPU.ActiveCfg = Debug|Any CPU
		{F78AA858-5F0C-48A2-AE90-466B0F24A400}.Debug|Any CPU.Build.0 = Debug|Any CPU
		{F78AA858-5F0C-48A2-AE90-466B0F24A400}.Debug|x64.ActiveCfg = Debug|Any CPU
		{F78AA858-5F0C-48A2-AE90-466B0F24A400}.Debug|x64.Build.0 = Debug|Any CPU
		{F78AA858-5F0C-48A2-AE90-466B0F24A400}.Debug|x86.ActiveCfg = Debug|Any CPU
		{F78AA858-5F0C-48A2-AE90-466B0F24A400}.Debug|x86.Build.0 = Debug|Any CPU
		{F78AA858-5F0C-48A2-AE90-466B0F24A400}.Release|Any CPU.ActiveCfg = Release|Any CPU
		{F78AA858-5F0C-48A2-AE90-466B0F24A400}.Release|Any CPU.Build.0 = Release|Any CPU
		{F78AA858-5F0C-48A2-AE90-466B0F24A400}.Release|x64.ActiveCfg = Release|Any CPU
		{F78AA858-5F0C-48A2-AE90-466B0F24A400}.Release|x64.Build.0 = Release|Any CPU
		{F78AA858-5F0C-48A2-AE90-466B0F24A400}.Release|x86.ActiveCfg = Release|Any CPU
		{F78AA858-5F0C-48A2-AE90-466B0F24A400}.Release|x86.Build.0 = Release|Any CPU
		{79450F38-5E61-49A1-AE5B-1E638FCC3179}.Debug|Any CPU.ActiveCfg = Debug|Any CPU
		{79450F38-5E61-49A1-AE5B-1E638FCC3179}.Debug|Any CPU.Build.0 = Debug|Any CPU
		{79450F38-5E61-49A1-AE5B-1E638FCC3179}.Debug|x64.ActiveCfg = Debug|Any CPU
		{79450F38-5E61-49A1-AE5B-1E638FCC3179}.Debug|x64.Build.0 = Debug|Any CPU
		{79450F38-5E61-49A1-AE5B-1E638FCC3179}.Debug|x86.ActiveCfg = Debug|Any CPU
		{79450F38-5E61-49A1-AE5B-1E638FCC3179}.Debug|x86.Build.0 = Debug|Any CPU
		{79450F38-5E61-49A1-AE5B-1E638FCC3179}.Release|Any CPU.ActiveCfg = Release|Any CPU
		{79450F38-5E61-49A1-AE5B-1E638FCC3179}.Release|Any CPU.Build.0 = Release|Any CPU
		{79450F38-5E61-49A1-AE5B-1E638FCC3179}.Release|x64.ActiveCfg = Release|Any CPU
		{79450F38-5E61-49A1-AE5B-1E638FCC3179}.Release|x64.Build.0 = Release|Any CPU
		{79450F38-5E61-49A1-AE5B-1E638FCC3179}.Release|x86.ActiveCfg = Release|Any CPU
		{79450F38-5E61-49A1-AE5B-1E638FCC3179}.Release|x86.Build.0 = Release|Any CPU
		{3B6B23B3-6E66-4CB7-92A6-6DC471274BA3}.Debug|Any CPU.ActiveCfg = Debug|Any CPU
		{3B6B23B3-6E66-4CB7-92A6-6DC471274BA3}.Debug|Any CPU.Build.0 = Debug|Any CPU
		{3B6B23B3-6E66-4CB7-92A6-6DC471274BA3}.Debug|x64.ActiveCfg = Debug|Any CPU
		{3B6B23B3-6E66-4CB7-92A6-6DC471274BA3}.Debug|x64.Build.0 = Debug|Any CPU
		{3B6B23B3-6E66-4CB7-92A6-6DC471274BA3}.Debug|x86.ActiveCfg = Debug|Any CPU
		{3B6B23B3-6E66-4CB7-92A6-6DC471274BA3}.Debug|x86.Build.0 = Debug|Any CPU
		{3B6B23B3-6E66-4CB7-92A6-6DC471274BA3}.Release|Any CPU.ActiveCfg = Release|Any CPU
		{3B6B23B3-6E66-4CB7-92A6-6DC471274BA3}.Release|Any CPU.Build.0 = Release|Any CPU
		{3B6B23B3-6E66-4CB7-92A6-6DC471274BA3}.Release|x64.ActiveCfg = Release|Any CPU
		{3B6B23B3-6E66-4CB7-92A6-6DC471274BA3}.Release|x64.Build.0 = Release|Any CPU
		{3B6B23B3-6E66-4CB7-92A6-6DC471274BA3}.Release|x86.ActiveCfg = Release|Any CPU
		{3B6B23B3-6E66-4CB7-92A6-6DC471274BA3}.Release|x86.Build.0 = Release|Any CPU
	EndGlobalSection
	GlobalSection(SolutionProperties) = preSolution
		HideSolutionNode = FALSE
	EndGlobalSection
	GlobalSection(NestedProjects) = preSolution
		{90D60F96-B3BD-43F9-8816-354466FD946C} = {0AB3BF05-4346-4AA6-1389-037BE0695223}
		{551636D7-28A3-4BE9-9E34-2BD4354A99CF} = {0AB3BF05-4346-4AA6-1389-037BE0695223}
		{B23B121A-528B-443F-9CAB-61F6BE7C2F7E} = {0AB3BF05-4346-4AA6-1389-037BE0695223}
		{C0028C6D-2A20-48D0-9B95-B8F67F5E1575} = {0AB3BF05-4346-4AA6-1389-037BE0695223}
		{7DE7FFA8-9B51-42DC-B7AF-ED7F2DF1C247} = {0AB3BF05-4346-4AA6-1389-037BE0695223}
		{EDC11ACE-F11B-49E4-8E61-7BB7E330DFD8} = {0AB3BF05-4346-4AA6-1389-037BE0695223}
		{3B76AC00-93FB-4ABB-9D38-618F3F3C87A0} = {0AB3BF05-4346-4AA6-1389-037BE0695223}
		{F78AA858-5F0C-48A2-AE90-466B0F24A400} = {0AB3BF05-4346-4AA6-1389-037BE0695223}
		{3B6B23B3-6E66-4CB7-92A6-6DC471274BA3} = {0AB3BF05-4346-4AA6-1389-037BE0695223}
	EndGlobalSection
EndGlobal
